# This file is automatically @generated by Cargo.
# It is not intended for manual editing.
version = 4

[[package]]
name = "application"
version = "0.1.0"
dependencies = [
 "domain",
 "risk",
 "storage",
]

[[package]]
name = "backtest"
version = "0.1.0"
dependencies = [
 "catalog",
 "config",
 "domain",
 "runtime-adapter",
 "storage",
]

[[package]]
name = "capture"
version = "0.1.0"
dependencies = [
 "catalog",
 "config",
]

[[package]]
name = "catalog"
version = "0.1.0"
dependencies = [
 "domain",
]

[[package]]
name = "cli"
version = "0.1.0"
dependencies = [
 "application",
]

[[package]]
name = "config"
version = "0.1.0"

[[package]]
name = "domain"
version = "0.1.0"

[[package]]
name = "mountsea-api"
version = "0.1.0"
dependencies = [
 "application",
]

[[package]]
name = "mountsea-backtest-worker"
version = "0.1.0"
dependencies = [
 "backtest",
]

[[package]]
name = "mountsea-capture-worker"
version = "0.1.0"
dependencies = [
 "capture",
]

[[package]]
name = "mountsea-cli"
version = "0.1.0"
dependencies = [
 "cli",
]

[[package]]
name = "mountsea-node-runtime"
version = "0.1.0"
dependencies = [
 "node-runtime",
]

[[package]]
name = "mountsea-supervisor"
version = "0.1.0"
dependencies = [
 "supervisor",
]

[[package]]
name = "node-protocol"
version = "0.1.0"
dependencies = [
 "domain",
]

[[package]]
name = "node-runtime"
version = "0.1.0"
dependencies = [
 "config",
 "domain",
 "node-protocol",
 "risk",
 "runtime-adapter",
]

[[package]]
name = "risk"
version = "0.1.0"
dependencies = [
 "domain",
]

[[package]]
name = "runtime-adapter"
version = "0.1.0"
dependencies = [
 "config",
 "domain",
 "strategy",
]

[[package]]
name = "storage"
version = "0.1.0"
dependencies = [
 "domain",
]

[[package]]
name = "strategy"
version = "0.1.0"
dependencies = [
 "config",
 "domain",
]

[[package]]
name = "supervisor"
version = "0.1.0"
dependencies = [
 "config",
 "domain",
 "node-protocol",
]
